
Microsoft Visual Studio Solution File, Format Version 12.00
# Visual Studio Version 17
VisualStudioVersion = 17.11.35222.181
MinimumVisualStudioVersion = 10.0.40219.1
Project("{FAE04EC0-301F-11D3-BF4B-00C04F79EFBC}") = "db_biblioteca", "db_biblioteca\db_biblioteca.csproj", "{65449743-BE0A-45C8-B7DF-2838FE325E88}"
EndProject
Global
	GlobalSection(SolutionConfigurationPlatforms) = preSolution
		Debug|Any CPU = Debug|Any CPU
		Release|Any CPU = Release|Any CPU
	EndGlobalSection
	GlobalSection(ProjectConfigurationPlatforms) = postSolution
		{65449743-BE0A-45C8-B7DF-2838FE325E88}.Debug|Any CPU.ActiveCfg = Debug|Any CPU
		{65449743-BE0A-45C8-B7DF-2838FE325E88}.Debug|Any CPU.Build.0 = Debug|Any CPU
		{65449743-BE0A-45C8-B7DF-2838FE325E88}.Release|Any CPU.ActiveCfg = Release|Any CPU
		{65449743-BE0A-45C8-B7DF-2838FE325E88}.Release|Any CPU.Build.0 = Release|Any CPU
	EndGlobalSection
	GlobalSection(SolutionProperties) = preSolution
		HideSolutionNode = FALSE
	EndGlobalSection
	GlobalSection(ExtensibilityGlobals) = postSolution
		SolutionGuid = {EE93ED84-AD31-4930-9D4F-A174D083A3FC}
	EndGlobalSection
EndGlobal
